// !$*UTF8*$!
{
	archiveVersion = 1;
	classes = {
	};
	objectVersion = 56;
	objects = {

/* Begin PBXBuildFile section */
		D461F6112AE4225000609F9C /* CustomTableViewCell.swift in Sources */ = {isa = PBXBuildFile; fileRef = D461F6102AE4225000609F9C /* CustomTableViewCell.swift */; };
		D4E900AC2AE3125000EDA651 /* AppDelegate.swift in Sources */ = {isa = PBXBuildFile; fileRef = D4E900AB2AE3125000EDA651 /* AppDelegate.swift */; };
		D4E900AE2AE3125000EDA651 /* SceneDelegate.swift in Sources */ = {isa = PBXBuildFile; fileRef = D4E900AD2AE3125000EDA651 /* SceneDelegate.swift */; };
		D4E900B02AE3125000EDA651 /* ViewController.swift in Sources */ = {isa = PBXBuildFile; fileRef = D4E900AF2AE3125000EDA651 /* ViewController.swift */; };
		D4E900B32AE3125000EDA651 /* Main.storyboard in Resources */ = {isa = PBXBuildFile; fileRef = D4E900B12AE3125000EDA651 /* Main.storyboard */; };
		D4E900B52AE3125200EDA651 /* Assets.xcassets in Resources */ = {isa = PBXBuildFile; fileRef = D4E900B42AE3125200EDA651 /* Assets.xcassets */; };
		D4E900B82AE3125200EDA651 /* LaunchScreen.storyboard in Resources */ = {isa = PBXBuildFile; fileRef = D4E900B62AE3125200EDA651 /* LaunchScreen.storyboard */; };
/* End PBXBuildFile section */

/* Begin PBXFileReference section */
		D461F6102AE4225000609F9C /* CustomTableViewCell.swift */ = {isa = PBXFileReference; lastKnownFileType = sourcecode.swift; path = CustomTableViewCell.swift; sourceTree = "<group>"; };
		D4E900A82AE3125000EDA651 /* Pretty_Antony_8935790_Sec2Lab6.app */ = {isa = PBXFileReference; explicitFileType = wrapper.application; includeInIndex = 0; path = Pretty_Antony_8935790_Sec2Lab6.app; sourceTree = BUILT_PRODUCTS_DIR; };
		D4E900AB2AE3125000EDA651 /* AppDelegate.swift */ = {isa = PBXFileReference; lastKnownFileType = sourcecode.swift; path = AppDelegate.swift; sourceTree = "<group>"; };
		D4E900AD2AE3125000EDA651 /* SceneDelegate.swift */ = {isa = PBXFileReference; lastKnownFileType = sourcecode.swift; path = SceneDelegate.swift; sourceTree = "<group>"; };
		D4E900AF2AE3125000EDA651 /* ViewController.swift */ = {isa = PBXFileReference; lastKnownFileType = sourcecode.swift; path = ViewController.swift; sourceTree = "<group>"; };
		D4E900B22AE3125000EDA651 /* Base */ = {isa = PBXFileReference; lastKnownFileType = file.storyboard; name = Base; path = Base.lproj/Main.storyboard; sourceTree = "<group>"; };
		D4E900B42AE3125200EDA651 /* Assets.xcassets */ = {isa = PBXFileReference; lastKnownFileType = folder.assetcatalog; path = Assets.xcassets; sourceTree = "<group>"; };
		D4E900B72AE3125200EDA651 /* Base */ = {isa = PBXFileReference; lastKnownFileType = file.storyboard; name = Base; path = Base.lproj/LaunchScreen.storyboard; sourceTree = "<group>"; };
		D4E900B92AE3125200EDA651 /* Info.plist */ = {isa = PBXFileReference; lastKnownFileType = text.plist.xml; path = Info.plist; sourceTree = "<group>"; };
/* End PBXFileReference section */

/* Begin PBXFrameworksBuildPhase section */
		D4E900A52AE3125000EDA651 /* Frameworks */ = {
			isa = PBXFrameworksBuildPhase;
			buildActionMask = 2147483647;
			files = (
			);
			runOnlyForDeploymentPostprocessing = 0;
		};
/* End PBXFrameworksBuildPhase section */

/* Begin PBXGroup section */
		D4E9009F2AE3125000EDA651 = {
			isa = PBXGroup;
			children = (
				D4E900AA2AE3125000EDA651 /* Pretty_Antony_8935790_Sec2Lab6 */,
				D4E900A92AE3125000EDA651 /* Products */,
			);
			sourceTree = "<group>";
		};
		D4E900A92AE3125000EDA651 /* Products */ = {
			isa = PBXGroup;
			children = (
				D4E900A82AE3125000EDA651 /* Pretty_Antony_8935790_Sec2Lab6.app */,
			);
			name = Products;
			sourceTree = "<group>";
		};
		D4E900AA2AE3125000EDA651 /* Pretty_Antony_8935790_Sec2Lab6 */ = {
			isa = PBXGroup;
			children = (
				D4E900AB2AE3125000EDA651 /* AppDelegate.swift */,
				D4E900AD2AE3125000EDA651 /* SceneDelegate.swift */,
				D4E900AF2AE3125000EDA651 /* ViewController.swift */,
				D4E900B12AE3125000EDA651 /* Main.storyboard */,
				D461F6102AE4225000609F9C /* CustomTableViewCell.swift */,
				D4E900B42AE3125200EDA651 /* Assets.xcassets */,
				D4E900B62AE3125200EDA651 /* LaunchScreen.storyboard */,
				D4E900B92AE3125200EDA651 /* Info.plist */,
			);
			path = Pretty_Antony_8935790_Sec2Lab6;
			sourceTree = "<group>";
		};
/* End PBXGroup section */

/* Begin PBXNativeTarget section */
		D4E900A72AE3125000EDA651 /* Pretty_Antony_8935790_Sec2Lab6 */ = {
			isa = PBXNativeTarget;
			buildConfigurationList = D4E900BC2AE3125200EDA651 /* Build configuration list for PBXNativeTarget "Pretty_Antony_8935790_Sec2Lab6" */;
			buildPhases = (
				D4E900A42AE3125000EDA651 /* Sources */,
				D4E900A52AE3125000EDA651 /* Frameworks */,
				D4E900A62AE3125000EDA651 /* Resources */,
			);
			buildRules = (
			);
			dependencies = (
			);
			name = Pretty_Antony_8935790_Sec2Lab6;
			productName = Pretty_Antony_8935790_Sec2Lab6;
			productReference = D4E900A82AE3125000EDA651 /* Pretty_Antony_8935790_Sec2Lab6.app */;
			productType = "com.apple.product-type.application";
		};
/* End PBXNativeTarget section */

/* Begin PBXProject section */
		D4E900A02AE3125000EDA651 /* Project object */ = {
			isa = PBXProject;
			attributes = {
				BuildIndependentTargetsInParallel = 1;
				LastSwiftUpdateCheck = 1420;
				LastUpgradeCheck = 1420;
				TargetAttributes = {
					D4E900A72AE3125000EDA651 = {
						CreatedOnToolsVersion = 14.2;
					};
				};
			};
			buildConfigurationList = D4E900A32AE3125000EDA651 /* Build configuration list for PBXProject "Pretty_Antony_8935790_Sec2Lab6" */;
			compatibilityVersion = "Xcode 14.0";
			developmentRegion = en;
			hasScannedForEncodings = 0;
			knownRegions = (
				en,
				Base,
			);
			mainGroup = D4E9009F2AE3125000EDA651;
			productRefGroup = D4E900A92AE3125000EDA651 /* Products */;
			projectDirPath = "";
			projectRoot = "";
			targets = (
				D4E900A72AE3125000EDA651 /* Pretty_Antony_8935790_Sec2Lab6 */,
			);
		};
/* End PBXProject section */

/* Begin PBXResourcesBuildPhase section */
		D4E900A62AE3125000EDA651 /* Resources */ = {
			isa = PBXResourcesBuildPhase;
			buildActionMask = 2147483647;
			files = (
				D4E900B82AE3125200EDA651 /* LaunchScreen.storyboard in Resources */,
				D4E900B52AE3125200EDA651 /* Assets.xcassets in Resources */,
				D4E900B32AE3125000EDA651 /* Main.storyboard in Resources */,
			);
			runOnlyForDeploymentPostprocessing = 0;
		};
/* End PBXResourcesBuildPhase section */

/* Begin PBXSourcesBuildPhase section */
		D4E900A42AE3125000EDA651 /* Sources */ = {
			isa = PBXSourcesBuildPhase;
			buildActionMask = 2147483647;
			files = (
				D461F6112AE4225000609F9C /* CustomTableViewCell.swift in Sources */,
				D4E900B02AE3125000EDA651 /* ViewController.swift in Sources */,
				D4E900AC2AE3125000EDA651 /* AppDelegate.swift in Sources */,
				D4E900AE2AE3125000EDA651 /* SceneDelegate.swift in Sources */,
			);
			runOnlyForDeploymentPostprocessing = 0;
		};
/* End PBXSourcesBuildPhase section */

/* Begin PBXVariantGroup section */
		D4E900B12AE3125000EDA651 /* Main.storyboard */ = {
			isa = PBXVariantGroup;
			children = (
				D4E900B22AE3125000EDA651 /* Base */,
			);
			name = Main.storyboard;
			sourceTree = "<group>";
		};
		D4E900B62AE3125200EDA651 /* LaunchScreen.storyboard */ = {
			isa = PBXVariantGroup;
			children = (
				D4E900B72AE3125200EDA651 /* Base */,
			);
			name = LaunchScreen.storyboard;
			sourceTree = "<group>";
		};
/* End PBXVariantGroup section */

/* Begin XCBuildConfiguration section */
		D4E900BA2AE3125200EDA651 /* Debug */ = {
			isa = XCBuildConfiguration;
			buildSettings = {
				ALWAYS_SEARCH_USER_PATHS = NO;
				CLANG_ANALYZER_NONNULL = YES;
				CLANG_ANALYZER_NUMBER_OBJECT_CONVERSION = YES_AGGRESSIVE;
				CLANG_CXX_LANGUAGE_STANDARD = "gnu++20";
				CLANG_ENABLE_MODULES = YES;
				CLANG_ENABLE_OBJC_ARC = YES;
				CLANG_ENABLE_OBJC_WEAK = YES;
				CLANG_WARN_BLOCK_CAPTURE_AUTORELEASING = YES;
				CLANG_WARN_BOOL_CONVERSION = YES;
				CLANG_WARN_COMMA = YES;
				CLANG_WARN_CONSTANT_CONVERSION = YES;
				CLANG_WARN_DEPRECATED_OBJC_IMPLEMENTATIONS = YES;
				CLANG_WARN_DIRECT_OBJC_ISA_USAGE = YES_ERROR;
				CLANG_WARN_DOCUMENTATION_COMMENTS = YES;
				CLANG_WARN_EMPTY_BODY = YES;
				CLANG_WARN_ENUM_CONVERSION = YES;
				CLANG_WARN_INFINITE_RECURSION = YES;
				CLANG_WARN_INT_CONVERSION = YES;
				CLANG_WARN_NON_LITERAL_NULL_CONVERSION = YES;
				CLANG_WARN_OBJC_IMPLICIT_RETAIN_SELF = YES;
				CLANG_WARN_OBJC_LITERAL_CONVERSION = YES;
				CLANG_WARN_OBJC_ROOT_CLASS = YES_ERROR;
				CLANG_WARN_QUOTED_INCLUDE_IN_FRAMEWORK_HEADER = YES;
				CLANG_WARN_RANGE_LOOP_ANALYSIS = YES;
				CLANG_WARN_STRICT_PROTOTYPES = YES;
				CLANG_WARN_SUSPICIOUS_MOVE = YES;
				CLANG_WARN_UNGUARDED_AVAILABILITY = YES_AGGRESSIVE;
				CLANG_WARN_UNREACHABLE_CODE = YES;
				CLANG_WARN__DUPLICATE_METHOD_MATCH = YES;
				COPY_PHASE_STRIP = NO;
				DEBUG_INFORMATION_FORMAT = dwarf;
				ENABLE_STRICT_OBJC_MSGSEND = YES;
				ENABLE_TESTABILITY = YES;
				GCC_C_LANGUAGE_STANDARD = gnu11;
				GCC_DYNAMIC_NO_PIC = NO;
				GCC_NO_COMMON_BLOCKS = YES;
				GCC_OPTIMIZATION_LEVEL = 0;
				GCC_PREPROCESSOR_DEFINITIONS = (
					"DEBUG=1",
					"$(inherited)",
				);
				GCC_WARN_64_TO_32_BIT_CONVERSION = YES;
				GCC_WARN_ABOUT_RETURN_TYPE = YES_ERROR;
				GCC_WARN_UNDECLARED_SELECTOR = YES;
				GCC_WARN_UNINITIALIZED_AUTOS = YES_AGGRESSIVE;
				GCC_WARN_UNUSED_FUNCTION = YES;
				GCC_WARN_UNUSED_VARIABLE = YES;
				IPHONEOS_DEPLOYMENT_TARGET = 16.2;
				MTL_ENABLE_DEBUG_INFO = INCLUDE_SOURCE;
				MTL_FAST_MATH = YES;
				ONLY_ACTIVE_ARCH = YES;
				SDKROOT = iphoneos;
				SWIFT_ACTIVE_COMPILATION_CONDITIONS = DEBUG;
				SWIFT_OPTIMIZATION_LEVEL = "-Onone";
			};
			name = Debug;
		};
		D4E900BB2AE3125200EDA651 /* Release */ = {
			isa = XCBuildConfiguration;
			buildSettings = {
				ALWAYS_SEARCH_USER_PATHS = NO;
				CLANG_ANALYZER_NONNULL = YES;
				CLANG_ANALYZER_NUMBER_OBJECT_CONVERSION = YES_AGGRESSIVE;
				CLANG_CXX_LANGUAGE_STANDARD = "gnu++20";
				CLANG_ENABLE_MODULES = YES;
				CLANG_ENABLE_OBJC_ARC = YES;
				CLANG_ENABLE_OBJC_WEAK = YES;
				CLANG_WARN_BLOCK_CAPTURE_AUTORELEASING = YES;
				CLANG_WARN_BOOL_CONVERSION = YES;
				CLANG_WARN_COMMA = YES;
				CLANG_WARN_CONSTANT_CONVERSION = YES;
				CLANG_WARN_DEPRECATED_OBJC_IMPLEMENTATIONS = YES;
				CLANG_WARN_DIRECT_OBJC_ISA_USAGE = YES_ERROR;
				CLANG_WARN_DOCUMENTATION_COMMENTS = YES;
				CLANG_WARN_EMPTY_BODY = YES;
				CLANG_WARN_ENUM_CONVERSION = YES;
				CLANG_WARN_INFINITE_RECURSION = YES;
				CLANG_WARN_INT_CONVERSION = YES;
				CLANG_WARN_NON_LITERAL_NULL_CONVERSION = YES;
				CLANG_WARN_OBJC_IMPLICIT_RETAIN_SELF = YES;
				CLANG_WARN_OBJC_LITERAL_CONVERSION = YES;
				CLANG_WARN_OBJC_ROOT_CLASS = YES_ERROR;
				CLANG_WARN_QUOTED_INCLUDE_IN_FRAMEWORK_HEADER = YES;
				CLANG_WARN_RANGE_LOOP_ANALYSIS = YES;
				CLANG_WARN_STRICT_PROTOTYPES = YES;
				CLANG_WARN_SUSPICIOUS_MOVE = YES;
				CLANG_WARN_UNGUARDED_AVAILABILITY = YES_AGGRESSIVE;
				CLANG_WARN_UNREACHABLE_CODE = YES;
				CLANG_WARN__DUPLICATE_METHOD_MATCH = YES;
				COPY_PHASE_STRIP = NO;
				DEBUG_INFORMATION_FORMAT = "dwarf-with-dsym";
				ENABLE_NS_ASSERTIONS = NO;
				ENABLE_STRICT_OBJC_MSGSEND = YES;
				GCC_C_LANGUAGE_STANDARD = gnu11;
				GCC_NO_COMMON_BLOCKS = YES;
				GCC_WARN_64_TO_32_BIT_CONVERSION = YES;
				GCC_WARN_ABOUT_RETURN_TYPE = YES_ERROR;
				GCC_WARN_UNDECLARED_SELECTOR = YES;
				GCC_WARN_UNINITIALIZED_AUTOS = YES_AGGRESSIVE;
				GCC_WARN_UNUSED_FUNCTION = YES;
				GCC_WARN_UNUSED_VARIABLE = YES;
				IPHONEOS_DEPLOYMENT_TARGET = 16.2;
				MTL_ENABLE_DEBUG_INFO = NO;
				MTL_FAST_MATH = YES;
				SDKROOT = iphoneos;
				SWIFT_COMPILATION_MODE = wholemodule;
				SWIFT_OPTIMIZATION_LEVEL = "-O";
				VALIDATE_PRODUCT = YES;
			};
			name = Release;
		};
		D4E900BD2AE3125200EDA651 /* Debug */ = {
			isa = XCBuildConfiguration;
			buildSettings = {
				ASSETCATALOG_COMPILER_APPICON_NAME = AppIcon;
				ASSETCATALOG_COMPILER_GLOBAL_ACCENT_COLOR_NAME = AccentColor;
				CODE_SIGN_STYLE = Automatic;
				CURRENT_PROJECT_VERSION = 1;
				GENERATE_INFOPLIST_FILE = YES;
				INFOPLIST_FILE = Pretty_Antony_8935790_Sec2Lab6/Info.plist;
				INFOPLIST_KEY_UIApplicationSupportsIndirectInputEvents = YES;
				INFOPLIST_KEY_UILaunchStoryboardName = LaunchScreen;
				INFOPLIST_KEY_UIMainStoryboardFile = Main;
				INFOPLIST_KEY_UISupportedInterfaceOrientations = UIInterfaceOrientationPortrait;
				LD_RUNPATH_SEARCH_PATHS = (
					"$(inherited)",
					"@executable_path/Frameworks",
				);
				MARKETING_VERSION = 1.0;
				PRODUCT_BUNDLE_IDENTIFIER = "conestoga.Pretty-Antony-8935790-Sec2Lab6";
				PRODUCT_NAME = "$(TARGET_NAME)";
				SWIFT_EMIT_LOC_STRINGS = YES;
				SWIFT_VERSION = 5.0;
				TARGETED_DEVICE_FAMILY = "1,2";
			};
			name = Debug;
		};
		D4E900BE2AE3125200EDA651 /* Release */ = {
			isa = XCBuildConfiguration;
			buildSettings = {
				ASSETCATALOG_COMPILER_APPICON_NAME = AppIcon;
				ASSETCATALOG_COMPILER_GLOBAL_ACCENT_COLOR_NAME = AccentColor;
				CODE_SIGN_STYLE = Automatic;
				CURRENT_PROJECT_VERSION = 1;
				GENERATE_INFOPLIST_FILE = YES;
				INFOPLIST_FILE = Pretty_Antony_8935790_Sec2Lab6/Info.plist;
				INFOPLIST_KEY_UIApplicationSupportsIndirectInputEvents = YES;
				INFOPLIST_KEY_UILaunchStoryboardName = LaunchScreen;
				INFOPLIST_KEY_UIMainStoryboardFile = Main;
				INFOPLIST_KEY_UISupportedInterfaceOrientations = UIInterfaceOrientationPortrait;
				LD_RUNPATH_SEARCH_PATHS = (
					"$(inherited)",
					"@executable_path/Frameworks",
				);
				MARKETING_VERSION = 1.0;
				PRODUCT_BUNDLE_IDENTIFIER = "conestoga.Pretty-Antony-8935790-Sec2Lab6";
				PRODUCT_NAME = "$(TARGET_NAME)";
				SWIFT_EMIT_LOC_STRINGS = YES;
				SWIFT_VERSION = 5.0;
				TARGETED_DEVICE_FAMILY = "1,2";
			};
			name = Release;
		};
/* End XCBuildConfiguration section */

/* Begin XCConfigurationList section */
		D4E900A32AE3125000EDA651 /* Build configuration list for PBXProject "Pretty_Antony_8935790_Sec2Lab6" */ = {
			isa = XCConfigurationList;
			buildConfigurations = (
				D4E900BA2AE3125200EDA651 /* Debug */,
				D4E900BB2AE3125200EDA651 /* Release */,
			);
			defaultConfigurationIsVisible = 0;
			defaultConfigurationName = Release;
		};
		D4E900BC2AE3125200EDA651 /* Build configuration list for PBXNativeTarget "Pretty_Antony_8935790_Sec2Lab6" */ = {
			isa = XCConfigurationList;
			buildConfigurations = (
				D4E900BD2AE3125200EDA651 /* Debug */,
				D4E900BE2AE3125200EDA651 /* Release */,
			);
			defaultConfigurationIsVisible = 0;
			defaultConfigurationName = Release;
		};
/* End XCConfigurationList section */
	};
	rootObject = D4E900A02AE3125000EDA651 /* Project object */;
}
