// !$*UTF8*$!
{
	archiveVersion = 1;
	classes = {
	};
	objectVersion = 56;
	objects = {

/* Begin PBXBuildFile section */
		D47F84212B1BBAED00F41A11 /* MainViewController.swift in Sources */ = {isa = PBXBuildFile; fileRef = D47F84202B1BBAED00F41A11 /* MainViewController.swift */; };
		D47F84232B1BBB3400F41A11 /* HistoryTableViewController.swift in Sources */ = {isa = PBXBuildFile; fileRef = D47F84222B1BBB3400F41A11 /* HistoryTableViewController.swift */; };
		D47F84252B1BBB7000F41A11 /* NewsTableViewController.swift in Sources */ = {isa = PBXBuildFile; fileRef = D47F84242B1BBB7000F41A11 /* NewsTableViewController.swift */; };
		D47F84272B1BBB9100F41A11 /* WeatherViewController.swift in Sources */ = {isa = PBXBuildFile; fileRef = D47F84262B1BBB9000F41A11 /* WeatherViewController.swift */; };
		D47F84292B1BBBA600F41A11 /* MapViewController.swift in Sources */ = {isa = PBXBuildFile; fileRef = D47F84282B1BBBA600F41A11 /* MapViewController.swift */; };
		D485F38B2B221FCC004CA225 /* NewsTableViewCell.swift in Sources */ = {isa = PBXBuildFile; fileRef = D485F38A2B221FCC004CA225 /* NewsTableViewCell.swift */; };
		D485F38D2B222394004CA225 /* NewsJsonFile.swift in Sources */ = {isa = PBXBuildFile; fileRef = D485F38C2B222394004CA225 /* NewsJsonFile.swift */; };
		D4A6CB7E2B1A1EC800E2EB4B /* AppDelegate.swift in Sources */ = {isa = PBXBuildFile; fileRef = D4A6CB7D2B1A1EC800E2EB4B /* AppDelegate.swift */; };
		D4A6CB802B1A1EC800E2EB4B /* SceneDelegate.swift in Sources */ = {isa = PBXBuildFile; fileRef = D4A6CB7F2B1A1EC800E2EB4B /* SceneDelegate.swift */; };
		D4A6CB852B1A1EC800E2EB4B /* Main.storyboard in Resources */ = {isa = PBXBuildFile; fileRef = D4A6CB832B1A1EC800E2EB4B /* Main.storyboard */; };
		D4A6CB882B1A1EC800E2EB4B /* Pretty_Antony_FE_8935790.xcdatamodeld in Sources */ = {isa = PBXBuildFile; fileRef = D4A6CB862B1A1EC800E2EB4B /* Pretty_Antony_FE_8935790.xcdatamodeld */; };
		D4A6CB8A2B1A1EDC00E2EB4B /* Assets.xcassets in Resources */ = {isa = PBXBuildFile; fileRef = D4A6CB892B1A1EDC00E2EB4B /* Assets.xcassets */; };
		D4A6CB8D2B1A1EDC00E2EB4B /* LaunchScreen.storyboard in Resources */ = {isa = PBXBuildFile; fileRef = D4A6CB8B2B1A1EDC00E2EB4B /* LaunchScreen.storyboard */; };
		D4BA26412B2205E9001A1273 /* WeatherJsonFile.swift in Sources */ = {isa = PBXBuildFile; fileRef = D4BA26402B2205E9001A1273 /* WeatherJsonFile.swift */; };
		D4BA26432B220651001A1273 /* ApiConstants.swift in Sources */ = {isa = PBXBuildFile; fileRef = D4BA26422B220651001A1273 /* ApiConstants.swift */; };
		D4BF52A42B26790C004692F0 /* HistoryTableViewCell.swift in Sources */ = {isa = PBXBuildFile; fileRef = D4BF52A32B26790C004692F0 /* HistoryTableViewCell.swift */; };
		D4F8773C2B26CA7100D679B0 /* History+CoreDataClass.swift in Sources */ = {isa = PBXBuildFile; fileRef = D4F8773A2B26CA7100D679B0 /* History+CoreDataClass.swift */; };
		D4F8773D2B26CA7100D679B0 /* History+CoreDataProperties.swift in Sources */ = {isa = PBXBuildFile; fileRef = D4F8773B2B26CA7100D679B0 /* History+CoreDataProperties.swift */; };
/* End PBXBuildFile section */

/* Begin PBXFileReference section */
		D47F84202B1BBAED00F41A11 /* MainViewController.swift */ = {isa = PBXFileReference; lastKnownFileType = sourcecode.swift; path = MainViewController.swift; sourceTree = "<group>"; };
		D47F84222B1BBB3400F41A11 /* HistoryTableViewController.swift */ = {isa = PBXFileReference; lastKnownFileType = sourcecode.swift; path = HistoryTableViewController.swift; sourceTree = "<group>"; };
		D47F84242B1BBB7000F41A11 /* NewsTableViewController.swift */ = {isa = PBXFileReference; lastKnownFileType = sourcecode.swift; path = NewsTableViewController.swift; sourceTree = "<group>"; };
		D47F84262B1BBB9000F41A11 /* WeatherViewController.swift */ = {isa = PBXFileReference; lastKnownFileType = sourcecode.swift; path = WeatherViewController.swift; sourceTree = "<group>"; };
		D47F84282B1BBBA600F41A11 /* MapViewController.swift */ = {isa = PBXFileReference; lastKnownFileType = sourcecode.swift; path = MapViewController.swift; sourceTree = "<group>"; };
		D485F38A2B221FCC004CA225 /* NewsTableViewCell.swift */ = {isa = PBXFileReference; lastKnownFileType = sourcecode.swift; path = NewsTableViewCell.swift; sourceTree = "<group>"; };
		D485F38C2B222394004CA225 /* NewsJsonFile.swift */ = {isa = PBXFileReference; lastKnownFileType = sourcecode.swift; path = NewsJsonFile.swift; sourceTree = "<group>"; };
		D4A6CB7A2B1A1EC800E2EB4B /* Pretty_Antony_FE_8935790.app */ = {isa = PBXFileReference; explicitFileType = wrapper.application; includeInIndex = 0; path = Pretty_Antony_FE_8935790.app; sourceTree = BUILT_PRODUCTS_DIR; };
		D4A6CB7D2B1A1EC800E2EB4B /* AppDelegate.swift */ = {isa = PBXFileReference; lastKnownFileType = sourcecode.swift; path = AppDelegate.swift; sourceTree = "<group>"; };
		D4A6CB7F2B1A1EC800E2EB4B /* SceneDelegate.swift */ = {isa = PBXFileReference; lastKnownFileType = sourcecode.swift; path = SceneDelegate.swift; sourceTree = "<group>"; };
		D4A6CB842B1A1EC800E2EB4B /* Base */ = {isa = PBXFileReference; lastKnownFileType = file.storyboard; name = Base; path = Base.lproj/Main.storyboard; sourceTree = "<group>"; };
		D4A6CB872B1A1EC800E2EB4B /* Pretty_Antony_FE_8935790.xcdatamodel */ = {isa = PBXFileReference; lastKnownFileType = wrapper.xcdatamodel; path = Pretty_Antony_FE_8935790.xcdatamodel; sourceTree = "<group>"; };
		D4A6CB892B1A1EDC00E2EB4B /* Assets.xcassets */ = {isa = PBXFileReference; lastKnownFileType = folder.assetcatalog; path = Assets.xcassets; sourceTree = "<group>"; };
		D4A6CB8C2B1A1EDC00E2EB4B /* Base */ = {isa = PBXFileReference; lastKnownFileType = file.storyboard; name = Base; path = Base.lproj/LaunchScreen.storyboard; sourceTree = "<group>"; };
		D4A6CB8E2B1A1EDC00E2EB4B /* Info.plist */ = {isa = PBXFileReference; lastKnownFileType = text.plist.xml; path = Info.plist; sourceTree = "<group>"; };
		D4BA26402B2205E9001A1273 /* WeatherJsonFile.swift */ = {isa = PBXFileReference; lastKnownFileType = sourcecode.swift; path = WeatherJsonFile.swift; sourceTree = "<group>"; };
		D4BA26422B220651001A1273 /* ApiConstants.swift */ = {isa = PBXFileReference; lastKnownFileType = sourcecode.swift; path = ApiConstants.swift; sourceTree = "<group>"; };
		D4BF52A32B26790C004692F0 /* HistoryTableViewCell.swift */ = {isa = PBXFileReference; lastKnownFileType = sourcecode.swift; path = HistoryTableViewCell.swift; sourceTree = "<group>"; };
		D4F8773A2B26CA7100D679B0 /* History+CoreDataClass.swift */ = {isa = PBXFileReference; lastKnownFileType = sourcecode.swift; path = "History+CoreDataClass.swift"; sourceTree = "<group>"; };
		D4F8773B2B26CA7100D679B0 /* History+CoreDataProperties.swift */ = {isa = PBXFileReference; lastKnownFileType = sourcecode.swift; path = "History+CoreDataProperties.swift"; sourceTree = "<group>"; };
/* End PBXFileReference section */

/* Begin PBXFrameworksBuildPhase section */
		D4A6CB772B1A1EC800E2EB4B /* Frameworks */ = {
			isa = PBXFrameworksBuildPhase;
			buildActionMask = 2147483647;
			files = (
			);
			runOnlyForDeploymentPostprocessing = 0;
		};
/* End PBXFrameworksBuildPhase section */

/* Begin PBXGroup section */
		D4A6CB712B1A1EC800E2EB4B = {
			isa = PBXGroup;
			children = (
				D4F8773A2B26CA7100D679B0 /* History+CoreDataClass.swift */,
				D4F8773B2B26CA7100D679B0 /* History+CoreDataProperties.swift */,
				D4A6CB7C2B1A1EC800E2EB4B /* Pretty_Antony_FE_8935790 */,
				D4A6CB7B2B1A1EC800E2EB4B /* Products */,
			);
			sourceTree = "<group>";
		};
		D4A6CB7B2B1A1EC800E2EB4B /* Products */ = {
			isa = PBXGroup;
			children = (
				D4A6CB7A2B1A1EC800E2EB4B /* Pretty_Antony_FE_8935790.app */,
			);
			name = Products;
			sourceTree = "<group>";
		};
		D4A6CB7C2B1A1EC800E2EB4B /* Pretty_Antony_FE_8935790 */ = {
			isa = PBXGroup;
			children = (
				D4A6CB7D2B1A1EC800E2EB4B /* AppDelegate.swift */,
				D4A6CB7F2B1A1EC800E2EB4B /* SceneDelegate.swift */,
				D47F84202B1BBAED00F41A11 /* MainViewController.swift */,
				D47F84242B1BBB7000F41A11 /* NewsTableViewController.swift */,
				D47F84282B1BBBA600F41A11 /* MapViewController.swift */,
				D47F84262B1BBB9000F41A11 /* WeatherViewController.swift */,
				D47F84222B1BBB3400F41A11 /* HistoryTableViewController.swift */,
				D485F38A2B221FCC004CA225 /* NewsTableViewCell.swift */,
				D4BF52A32B26790C004692F0 /* HistoryTableViewCell.swift */,
				D4A6CB832B1A1EC800E2EB4B /* Main.storyboard */,
				D4A6CB892B1A1EDC00E2EB4B /* Assets.xcassets */,
				D4A6CB8B2B1A1EDC00E2EB4B /* LaunchScreen.storyboard */,
				D4A6CB8E2B1A1EDC00E2EB4B /* Info.plist */,
				D4A6CB862B1A1EC800E2EB4B /* Pretty_Antony_FE_8935790.xcdatamodeld */,
				D4BA26402B2205E9001A1273 /* WeatherJsonFile.swift */,
				D4BA26422B220651001A1273 /* ApiConstants.swift */,
				D485F38C2B222394004CA225 /* NewsJsonFile.swift */,
			);
			path = Pretty_Antony_FE_8935790;
			sourceTree = "<group>";
		};
/* End PBXGroup section */

/* Begin PBXNativeTarget section */
		D4A6CB792B1A1EC800E2EB4B /* Pretty_Antony_FE_8935790 */ = {
			isa = PBXNativeTarget;
			buildConfigurationList = D4A6CB912B1A1EDC00E2EB4B /* Build configuration list for PBXNativeTarget "Pretty_Antony_FE_8935790" */;
			buildPhases = (
				D4A6CB762B1A1EC800E2EB4B /* Sources */,
				D4A6CB772B1A1EC800E2EB4B /* Frameworks */,
				D4A6CB782B1A1EC800E2EB4B /* Resources */,
			);
			buildRules = (
			);
			dependencies = (
			);
			name = Pretty_Antony_FE_8935790;
			productName = Pretty_Antony_FE_8935790;
			productReference = D4A6CB7A2B1A1EC800E2EB4B /* Pretty_Antony_FE_8935790.app */;
			productType = "com.apple.product-type.application";
		};
/* End PBXNativeTarget section */

/* Begin PBXProject section */
		D4A6CB722B1A1EC800E2EB4B /* Project object */ = {
			isa = PBXProject;
			attributes = {
				BuildIndependentTargetsInParallel = 1;
				LastSwiftUpdateCheck = 1420;
				LastUpgradeCheck = 1420;
				TargetAttributes = {
					D4A6CB792B1A1EC800E2EB4B = {
						CreatedOnToolsVersion = 14.2;
					};
				};
			};
			buildConfigurationList = D4A6CB752B1A1EC800E2EB4B /* Build configuration list for PBXProject "Pretty_Antony_FE_8935790" */;
			compatibilityVersion = "Xcode 14.0";
			developmentRegion = en;
			hasScannedForEncodings = 0;
			knownRegions = (
				en,
				Base,
			);
			mainGroup = D4A6CB712B1A1EC800E2EB4B;
			productRefGroup = D4A6CB7B2B1A1EC800E2EB4B /* Products */;
			projectDirPath = "";
			projectRoot = "";
			targets = (
				D4A6CB792B1A1EC800E2EB4B /* Pretty_Antony_FE_8935790 */,
			);
		};
/* End PBXProject section */

/* Begin PBXResourcesBuildPhase section */
		D4A6CB782B1A1EC800E2EB4B /* Resources */ = {
			isa = PBXResourcesBuildPhase;
			buildActionMask = 2147483647;
			files = (
				D4A6CB8D2B1A1EDC00E2EB4B /* LaunchScreen.storyboard in Resources */,
				D4A6CB8A2B1A1EDC00E2EB4B /* Assets.xcassets in Resources */,
				D4A6CB852B1A1EC800E2EB4B /* Main.storyboard in Resources */,
			);
			runOnlyForDeploymentPostprocessing = 0;
		};
/* End PBXResourcesBuildPhase section */

/* Begin PBXSourcesBuildPhase section */
		D4A6CB762B1A1EC800E2EB4B /* Sources */ = {
			isa = PBXSourcesBuildPhase;
			buildActionMask = 2147483647;
			files = (
				D485F38D2B222394004CA225 /* NewsJsonFile.swift in Sources */,
				D4A6CB7E2B1A1EC800E2EB4B /* AppDelegate.swift in Sources */,
				D485F38B2B221FCC004CA225 /* NewsTableViewCell.swift in Sources */,
				D4A6CB802B1A1EC800E2EB4B /* SceneDelegate.swift in Sources */,
				D4BA26432B220651001A1273 /* ApiConstants.swift in Sources */,
				D47F84252B1BBB7000F41A11 /* NewsTableViewController.swift in Sources */,
				D4A6CB882B1A1EC800E2EB4B /* Pretty_Antony_FE_8935790.xcdatamodeld in Sources */,
				D47F84272B1BBB9100F41A11 /* WeatherViewController.swift in Sources */,
				D4BF52A42B26790C004692F0 /* HistoryTableViewCell.swift in Sources */,
				D47F84212B1BBAED00F41A11 /* MainViewController.swift in Sources */,
				D4F8773C2B26CA7100D679B0 /* History+CoreDataClass.swift in Sources */,
				D4BA26412B2205E9001A1273 /* WeatherJsonFile.swift in Sources */,
				D47F84232B1BBB3400F41A11 /* HistoryTableViewController.swift in Sources */,
				D47F84292B1BBBA600F41A11 /* MapViewController.swift in Sources */,
				D4F8773D2B26CA7100D679B0 /* History+CoreDataProperties.swift in Sources */,
			);
			runOnlyForDeploymentPostprocessing = 0;
		};
/* End PBXSourcesBuildPhase section */

/* Begin PBXVariantGroup section */
		D4A6CB832B1A1EC800E2EB4B /* Main.storyboard */ = {
			isa = PBXVariantGroup;
			children = (
				D4A6CB842B1A1EC800E2EB4B /* Base */,
			);
			name = Main.storyboard;
			sourceTree = "<group>";
		};
		D4A6CB8B2B1A1EDC00E2EB4B /* LaunchScreen.storyboard */ = {
			isa = PBXVariantGroup;
			children = (
				D4A6CB8C2B1A1EDC00E2EB4B /* Base */,
			);
			name = LaunchScreen.storyboard;
			sourceTree = "<group>";
		};
/* End PBXVariantGroup section */

/* Begin XCBuildConfiguration section */
		D4A6CB8F2B1A1EDC00E2EB4B /* Debug */ = {
			isa = XCBuildConfiguration;
			buildSettings = {
				ALWAYS_SEARCH_USER_PATHS = NO;
				CLANG_ANALYZER_NONNULL = YES;
				CLANG_ANALYZER_NUMBER_OBJECT_CONVERSION = YES_AGGRESSIVE;
				CLANG_CXX_LANGUAGE_STANDARD = "gnu++20";
				CLANG_ENABLE_MODULES = YES;
				CLANG_ENABLE_OBJC_ARC = YES;
				CLANG_ENABLE_OBJC_WEAK = YES;
				CLANG_WARN_BLOCK_CAPTURE_AUTORELEASING = YES;
				CLANG_WARN_BOOL_CONVERSION = YES;
				CLANG_WARN_COMMA = YES;
				CLANG_WARN_CONSTANT_CONVERSION = YES;
				CLANG_WARN_DEPRECATED_OBJC_IMPLEMENTATIONS = YES;
				CLANG_WARN_DIRECT_OBJC_ISA_USAGE = YES_ERROR;
				CLANG_WARN_DOCUMENTATION_COMMENTS = YES;
				CLANG_WARN_EMPTY_BODY = YES;
				CLANG_WARN_ENUM_CONVERSION = YES;
				CLANG_WARN_INFINITE_RECURSION = YES;
				CLANG_WARN_INT_CONVERSION = YES;
				CLANG_WARN_NON_LITERAL_NULL_CONVERSION = YES;
				CLANG_WARN_OBJC_IMPLICIT_RETAIN_SELF = YES;
				CLANG_WARN_OBJC_LITERAL_CONVERSION = YES;
				CLANG_WARN_OBJC_ROOT_CLASS = YES_ERROR;
				CLANG_WARN_QUOTED_INCLUDE_IN_FRAMEWORK_HEADER = YES;
				CLANG_WARN_RANGE_LOOP_ANALYSIS = YES;
				CLANG_WARN_STRICT_PROTOTYPES = YES;
				CLANG_WARN_SUSPICIOUS_MOVE = YES;
				CLANG_WARN_UNGUARDED_AVAILABILITY = YES_AGGRESSIVE;
				CLANG_WARN_UNREACHABLE_CODE = YES;
				CLANG_WARN__DUPLICATE_METHOD_MATCH = YES;
				COPY_PHASE_STRIP = NO;
				DEBUG_INFORMATION_FORMAT = dwarf;
				ENABLE_STRICT_OBJC_MSGSEND = YES;
				ENABLE_TESTABILITY = YES;
				GCC_C_LANGUAGE_STANDARD = gnu11;
				GCC_DYNAMIC_NO_PIC = NO;
				GCC_NO_COMMON_BLOCKS = YES;
				GCC_OPTIMIZATION_LEVEL = 0;
				GCC_PREPROCESSOR_DEFINITIONS = (
					"DEBUG=1",
					"$(inherited)",
				);
				GCC_WARN_64_TO_32_BIT_CONVERSION = YES;
				GCC_WARN_ABOUT_RETURN_TYPE = YES_ERROR;
				GCC_WARN_UNDECLARED_SELECTOR = YES;
				GCC_WARN_UNINITIALIZED_AUTOS = YES_AGGRESSIVE;
				GCC_WARN_UNUSED_FUNCTION = YES;
				GCC_WARN_UNUSED_VARIABLE = YES;
				IPHONEOS_DEPLOYMENT_TARGET = 16.2;
				MTL_ENABLE_DEBUG_INFO = INCLUDE_SOURCE;
				MTL_FAST_MATH = YES;
				ONLY_ACTIVE_ARCH = YES;
				SDKROOT = iphoneos;
				SWIFT_ACTIVE_COMPILATION_CONDITIONS = DEBUG;
				SWIFT_OPTIMIZATION_LEVEL = "-Onone";
			};
			name = Debug;
		};
		D4A6CB902B1A1EDC00E2EB4B /* Release */ = {
			isa = XCBuildConfiguration;
			buildSettings = {
				ALWAYS_SEARCH_USER_PATHS = NO;
				CLANG_ANALYZER_NONNULL = YES;
				CLANG_ANALYZER_NUMBER_OBJECT_CONVERSION = YES_AGGRESSIVE;
				CLANG_CXX_LANGUAGE_STANDARD = "gnu++20";
				CLANG_ENABLE_MODULES = YES;
				CLANG_ENABLE_OBJC_ARC = YES;
				CLANG_ENABLE_OBJC_WEAK = YES;
				CLANG_WARN_BLOCK_CAPTURE_AUTORELEASING = YES;
				CLANG_WARN_BOOL_CONVERSION = YES;
				CLANG_WARN_COMMA = YES;
				CLANG_WARN_CONSTANT_CONVERSION = YES;
				CLANG_WARN_DEPRECATED_OBJC_IMPLEMENTATIONS = YES;
				CLANG_WARN_DIRECT_OBJC_ISA_USAGE = YES_ERROR;
				CLANG_WARN_DOCUMENTATION_COMMENTS = YES;
				CLANG_WARN_EMPTY_BODY = YES;
				CLANG_WARN_ENUM_CONVERSION = YES;
				CLANG_WARN_INFINITE_RECURSION = YES;
				CLANG_WARN_INT_CONVERSION = YES;
				CLANG_WARN_NON_LITERAL_NULL_CONVERSION = YES;
				CLANG_WARN_OBJC_IMPLICIT_RETAIN_SELF = YES;
				CLANG_WARN_OBJC_LITERAL_CONVERSION = YES;
				CLANG_WARN_OBJC_ROOT_CLASS = YES_ERROR;
				CLANG_WARN_QUOTED_INCLUDE_IN_FRAMEWORK_HEADER = YES;
				CLANG_WARN_RANGE_LOOP_ANALYSIS = YES;
				CLANG_WARN_STRICT_PROTOTYPES = YES;
				CLANG_WARN_SUSPICIOUS_MOVE = YES;
				CLANG_WARN_UNGUARDED_AVAILABILITY = YES_AGGRESSIVE;
				CLANG_WARN_UNREACHABLE_CODE = YES;
				CLANG_WARN__DUPLICATE_METHOD_MATCH = YES;
				COPY_PHASE_STRIP = NO;
				DEBUG_INFORMATION_FORMAT = "dwarf-with-dsym";
				ENABLE_NS_ASSERTIONS = NO;
				ENABLE_STRICT_OBJC_MSGSEND = YES;
				GCC_C_LANGUAGE_STANDARD = gnu11;
				GCC_NO_COMMON_BLOCKS = YES;
				GCC_WARN_64_TO_32_BIT_CONVERSION = YES;
				GCC_WARN_ABOUT_RETURN_TYPE = YES_ERROR;
				GCC_WARN_UNDECLARED_SELECTOR = YES;
				GCC_WARN_UNINITIALIZED_AUTOS = YES_AGGRESSIVE;
				GCC_WARN_UNUSED_FUNCTION = YES;
				GCC_WARN_UNUSED_VARIABLE = YES;
				IPHONEOS_DEPLOYMENT_TARGET = 16.2;
				MTL_ENABLE_DEBUG_INFO = NO;
				MTL_FAST_MATH = YES;
				SDKROOT = iphoneos;
				SWIFT_COMPILATION_MODE = wholemodule;
				SWIFT_OPTIMIZATION_LEVEL = "-O";
				VALIDATE_PRODUCT = YES;
			};
			name = Release;
		};
		D4A6CB922B1A1EDC00E2EB4B /* Debug */ = {
			isa = XCBuildConfiguration;
			buildSettings = {
				ASSETCATALOG_COMPILER_APPICON_NAME = AppIcon;
				ASSETCATALOG_COMPILER_GLOBAL_ACCENT_COLOR_NAME = AccentColor;
				CODE_SIGN_STYLE = Automatic;
				CURRENT_PROJECT_VERSION = 1;
				GENERATE_INFOPLIST_FILE = YES;
				INFOPLIST_FILE = Pretty_Antony_FE_8935790/Info.plist;
				INFOPLIST_KEY_UIApplicationSupportsIndirectInputEvents = YES;
				INFOPLIST_KEY_UILaunchStoryboardName = LaunchScreen;
				INFOPLIST_KEY_UIMainStoryboardFile = Main;
				INFOPLIST_KEY_UISupportedInterfaceOrientations_iPad = "UIInterfaceOrientationPortrait UIInterfaceOrientationPortraitUpsideDown UIInterfaceOrientationLandscapeLeft UIInterfaceOrientationLandscapeRight";
				INFOPLIST_KEY_UISupportedInterfaceOrientations_iPhone = "UIInterfaceOrientationPortrait UIInterfaceOrientationLandscapeLeft UIInterfaceOrientationLandscapeRight";
				LD_RUNPATH_SEARCH_PATHS = (
					"$(inherited)",
					"@executable_path/Frameworks",
				);
				MARKETING_VERSION = 1.0;
				PRODUCT_BUNDLE_IDENTIFIER = "conestoga.Pretty-Antony-FE-8935790";
				PRODUCT_NAME = "$(TARGET_NAME)";
				SWIFT_EMIT_LOC_STRINGS = YES;
				SWIFT_VERSION = 5.0;
				TARGETED_DEVICE_FAMILY = "1,2";
			};
			name = Debug;
		};
		D4A6CB932B1A1EDC00E2EB4B /* Release */ = {
			isa = XCBuildConfiguration;
			buildSettings = {
				ASSETCATALOG_COMPILER_APPICON_NAME = AppIcon;
				ASSETCATALOG_COMPILER_GLOBAL_ACCENT_COLOR_NAME = AccentColor;
				CODE_SIGN_STYLE = Automatic;
				CURRENT_PROJECT_VERSION = 1;
				GENERATE_INFOPLIST_FILE = YES;
				INFOPLIST_FILE = Pretty_Antony_FE_8935790/Info.plist;
				INFOPLIST_KEY_UIApplicationSupportsIndirectInputEvents = YES;
				INFOPLIST_KEY_UILaunchStoryboardName = LaunchScreen;
				INFOPLIST_KEY_UIMainStoryboardFile = Main;
				INFOPLIST_KEY_UISupportedInterfaceOrientations_iPad = "UIInterfaceOrientationPortrait UIInterfaceOrientationPortraitUpsideDown UIInterfaceOrientationLandscapeLeft UIInterfaceOrientationLandscapeRight";
				INFOPLIST_KEY_UISupportedInterfaceOrientations_iPhone = "UIInterfaceOrientationPortrait UIInterfaceOrientationLandscapeLeft UIInterfaceOrientationLandscapeRight";
				LD_RUNPATH_SEARCH_PATHS = (
					"$(inherited)",
					"@executable_path/Frameworks",
				);
				MARKETING_VERSION = 1.0;
				PRODUCT_BUNDLE_IDENTIFIER = "conestoga.Pretty-Antony-FE-8935790";
				PRODUCT_NAME = "$(TARGET_NAME)";
				SWIFT_EMIT_LOC_STRINGS = YES;
				SWIFT_VERSION = 5.0;
				TARGETED_DEVICE_FAMILY = "1,2";
			};
			name = Release;
		};
/* End XCBuildConfiguration section */

/* Begin XCConfigurationList section */
		D4A6CB752B1A1EC800E2EB4B /* Build configuration list for PBXProject "Pretty_Antony_FE_8935790" */ = {
			isa = XCConfigurationList;
			buildConfigurations = (
				D4A6CB8F2B1A1EDC00E2EB4B /* Debug */,
				D4A6CB902B1A1EDC00E2EB4B /* Release */,
			);
			defaultConfigurationIsVisible = 0;
			defaultConfigurationName = Release;
		};
		D4A6CB912B1A1EDC00E2EB4B /* Build configuration list for PBXNativeTarget "Pretty_Antony_FE_8935790" */ = {
			isa = XCConfigurationList;
			buildConfigurations = (
				D4A6CB922B1A1EDC00E2EB4B /* Debug */,
				D4A6CB932B1A1EDC00E2EB4B /* Release */,
			);
			defaultConfigurationIsVisible = 0;
			defaultConfigurationName = Release;
		};
/* End XCConfigurationList section */

/* Begin XCVersionGroup section */
		D4A6CB862B1A1EC800E2EB4B /* Pretty_Antony_FE_8935790.xcdatamodeld */ = {
			isa = XCVersionGroup;
			children = (
				D4A6CB872B1A1EC800E2EB4B /* Pretty_Antony_FE_8935790.xcdatamodel */,
			);
			currentVersion = D4A6CB872B1A1EC800E2EB4B /* Pretty_Antony_FE_8935790.xcdatamodel */;
			path = Pretty_Antony_FE_8935790.xcdatamodeld;
			sourceTree = "<group>";
			versionGroupType = wrapper.xcdatamodel;
		};
/* End XCVersionGroup section */
	};
	rootObject = D4A6CB722B1A1EC800E2EB4B /* Project object */;
}
